
Microsoft Visual Studio Solution File, Format Version 10.00
# Visual C++ Express 2008
Project("{8BC9CEB8-8B4A-11D0-8D11-00A0C91BC942}") = "multifractal_terrain", "multifractal_terrain\multifractal_terrain.vcproj", "{53CBF080-201C-4D53-AC87-DC37C808C890}"
EndProject
Project("{8BC9CEB8-8B4A-11D0-8D11-00A0C91BC942}") = "infinite_maze", "infinite_maze\infinite_maze.vcproj", "{CBC6EAAA-B445-42B9-ACF6-AA752401819F}"
EndProject
Project("{8BC9CEB8-8B4A-11D0-8D11-00A0C91BC942}") = "sphere_tesselation", "sphere_tesselation\sphere_tesselation.vcproj", "{218E321A-BF28-4260-B893-3528CC504AB1}"
EndProject
Project("{8BC9CEB8-8B4A-11D0-8D11-00A0C91BC942}") = "shader_test", "shader_test\shader_test.vcproj", "{BDE1CA86-7485-40E3-88E6-E9A286861F90}"
EndProject
Project("{8BC9CEB8-8B4A-11D0-8D11-00A0C91BC942}") = "flat_clipmap", "flat_clipmap\flat_clipmap.vcproj", "{4EF27E6C-09FE-4AD7-92A9-068486C1D981}"
EndProject
Project("{8BC9CEB8-8B4A-11D0-8D11-00A0C91BC942}") = "shader_noise", "shader_noise\shader_noise.vcproj", "{D3461D9B-C541-4506-9F11-A62EEFF092E4}"
EndProject
Global
	GlobalSection(SolutionConfigurationPlatforms) = preSolution
		Debug|Win32 = Debug|Win32
		Release|Win32 = Release|Win32
	EndGlobalSection
	GlobalSection(ProjectConfigurationPlatforms) = postSolution
		{53CBF080-201C-4D53-AC87-DC37C808C890}.Debug|Win32.ActiveCfg = Debug|Win32
		{53CBF080-201C-4D53-AC87-DC37C808C890}.Debug|Win32.Build.0 = Debug|Win32
		{53CBF080-201C-4D53-AC87-DC37C808C890}.Release|Win32.ActiveCfg = Release|Win32
		{53CBF080-201C-4D53-AC87-DC37C808C890}.Release|Win32.Build.0 = Release|Win32
		{CBC6EAAA-B445-42B9-ACF6-AA752401819F}.Debug|Win32.ActiveCfg = Debug|Win32
		{CBC6EAAA-B445-42B9-ACF6-AA752401819F}.Debug|Win32.Build.0 = Debug|Win32
		{CBC6EAAA-B445-42B9-ACF6-AA752401819F}.Release|Win32.ActiveCfg = Release|Win32
		{CBC6EAAA-B445-42B9-ACF6-AA752401819F}.Release|Win32.Build.0 = Release|Win32
		{218E321A-BF28-4260-B893-3528CC504AB1}.Debug|Win32.ActiveCfg = Debug|Win32
		{218E321A-BF28-4260-B893-3528CC504AB1}.Debug|Win32.Build.0 = Debug|Win32
		{218E321A-BF28-4260-B893-3528CC504AB1}.Release|Win32.ActiveCfg = Release|Win32
		{218E321A-BF28-4260-B893-3528CC504AB1}.Release|Win32.Build.0 = Release|Win32
		{BDE1CA86-7485-40E3-88E6-E9A286861F90}.Debug|Win32.ActiveCfg = Debug|Win32
		{BDE1CA86-7485-40E3-88E6-E9A286861F90}.Debug|Win32.Build.0 = Debug|Win32
		{BDE1CA86-7485-40E3-88E6-E9A286861F90}.Release|Win32.ActiveCfg = Release|Win32
		{BDE1CA86-7485-40E3-88E6-E9A286861F90}.Release|Win32.Build.0 = Release|Win32
		{4EF27E6C-09FE-4AD7-92A9-068486C1D981}.Debug|Win32.ActiveCfg = Debug|Win32
		{4EF27E6C-09FE-4AD7-92A9-068486C1D981}.Debug|Win32.Build.0 = Debug|Win32
		{4EF27E6C-09FE-4AD7-92A9-068486C1D981}.Release|Win32.ActiveCfg = Release|Win32
		{4EF27E6C-09FE-4AD7-92A9-068486C1D981}.Release|Win32.Build.0 = Release|Win32
		{D3461D9B-C541-4506-9F11-A62EEFF092E4}.Debug|Win32.ActiveCfg = Debug|Win32
		{D3461D9B-C541-4506-9F11-A62EEFF092E4}.Debug|Win32.Build.0 = Debug|Win32
		{D3461D9B-C541-4506-9F11-A62EEFF092E4}.Release|Win32.ActiveCfg = Release|Win32
		{D3461D9B-C541-4506-9F11-A62EEFF092E4}.Release|Win32.Build.0 = Release|Win32
	EndGlobalSection
	GlobalSection(SolutionProperties) = preSolution
		HideSolutionNode = FALSE
	EndGlobalSection
EndGlobal
